
Microsoft Visual Studio Solution File, Format Version 12.00
# Visual Studio Version 17
VisualStudioVersion = 17.14.36616.10 d17.14
MinimumVisualStudioVersion = 10.0.40219.1
Project("{FAE04EC0-301F-11D3-BF4B-00C04F79EFBC}") = "MusicRecApp", "MusicRecApp\MusicRecApp.csproj", "{46A5CD1C-FF4E-4C7C-8914-118E098D635E}"
EndProject
Global
	GlobalSection(SolutionConfigurationPlatforms) = preSolution
		Debug|Any CPU = Debug|Any CPU
		Release|Any CPU = Release|Any CPU
	EndGlobalSection
	GlobalSection(ProjectConfigurationPlatforms) = postSolution
		{46A5CD1C-FF4E-4C7C-8914-118E098D635E}.Debug|Any CPU.ActiveCfg = Debug|Any CPU
		{46A5CD1C-FF4E-4C7C-8914-118E098D635E}.Debug|Any CPU.Build.0 = Debug|Any CPU
		{46A5CD1C-FF4E-4C7C-8914-118E098D635E}.Release|Any CPU.ActiveCfg = Release|Any CPU
		{46A5CD1C-FF4E-4C7C-8914-118E098D635E}.Release|Any CPU.Build.0 = Release|Any CPU
	EndGlobalSection
	GlobalSection(SolutionProperties) = preSolution
		HideSolutionNode = FALSE
	EndGlobalSection
	GlobalSection(ExtensibilityGlobals) = postSolution
		SolutionGuid = {9BD36BE0-C6ED-40C7-B359-34467123D8CF}
	EndGlobalSection
EndGlobal
